
Microsoft Visual Studio Solution File, Format Version 12.00
# Visual Studio Version 17
VisualStudioVersion = 17.10.34928.147
MinimumVisualStudioVersion = 10.0.40219.1
Project("{9A19103F-16F7-4668-BE54-9A1E7A4F7556}") = "MpgWebService", "MpgWebService.csproj", "{EFCB16ED-5CEA-42D0-95DA-5E96329C1083}"
	ProjectSection(ProjectDependencies) = postProject
		{300167D2-0358-42FB-AC06-29E4B3AB1700} = {300167D2-0358-42FB-AC06-29E4B3AB1700}
	EndProjectSection
EndProject
Project("{9A19103F-16F7-4668-BE54-9A1E7A4F7556}") = "DataEntity", "..\DataEntity\DataEntity.csproj", "{300167D2-0358-42FB-AC06-29E4B3AB1700}"
EndProject
Global
	GlobalSection(SolutionConfigurationPlatforms) = preSolution
		Debug|Any CPU = Debug|Any CPU
		Release|Any CPU = Release|Any CPU
	EndGlobalSection
	GlobalSection(ProjectConfigurationPlatforms) = postSolution
		{EFCB16ED-5CEA-42D0-95DA-5E96329C1083}.Debug|Any CPU.ActiveCfg = Debug|Any CPU
		{EFCB16ED-5CEA-42D0-95DA-5E96329C1083}.Debug|Any CPU.Build.0 = Debug|Any CPU
		{EFCB16ED-5CEA-42D0-95DA-5E96329C1083}.Release|Any CPU.ActiveCfg = Release|Any CPU
		{EFCB16ED-5CEA-42D0-95DA-5E96329C1083}.Release|Any CPU.Build.0 = Release|Any CPU
		{300167D2-0358-42FB-AC06-29E4B3AB1700}.Debug|Any CPU.ActiveCfg = Debug|Any CPU
		{300167D2-0358-42FB-AC06-29E4B3AB1700}.Debug|Any CPU.Build.0 = Debug|Any CPU
		{300167D2-0358-42FB-AC06-29E4B3AB1700}.Release|Any CPU.ActiveCfg = Release|Any CPU
		{300167D2-0358-42FB-AC06-29E4B3AB1700}.Release|Any CPU.Build.0 = Release|Any CPU
	EndGlobalSection
	GlobalSection(SolutionProperties) = preSolution
		HideSolutionNode = FALSE
	EndGlobalSection
	GlobalSection(ExtensibilityGlobals) = postSolution
		SolutionGuid = {536F88C7-746A-4CDB-9F3D-C09AF76DE4FF}
	EndGlobalSection
EndGlobal
