
Microsoft Visual Studio Solution File, Format Version 12.00
# Visual Studio Version 16
VisualStudioVersion = 16.0.31321.278
MinimumVisualStudioVersion = 10.0.40219.1
Project("{9A19103F-16F7-4668-BE54-9A1E7A4F7556}") = "MPG_Interface", "MPG_Interface.csproj", "{EF4ECBD7-206C-4C2E-B00C-635A087E701D}"
EndProject
Project("{9A19103F-16F7-4668-BE54-9A1E7A4F7556}") = "DataEntity", "..\DataEntity\DataEntity.csproj", "{0A8A29EA-ACF3-4D6F-B0FD-1DD99669DB92}"
EndProject
Global
	GlobalSection(SolutionConfigurationPlatforms) = preSolution
		Debug|Any CPU = Debug|Any CPU
		Release|Any CPU = Release|Any CPU
	EndGlobalSection
	GlobalSection(ProjectConfigurationPlatforms) = postSolution
		{EF4ECBD7-206C-4C2E-B00C-635A087E701D}.Debug|Any CPU.ActiveCfg = Debug|Any CPU
		{EF4ECBD7-206C-4C2E-B00C-635A087E701D}.Debug|Any CPU.Build.0 = Debug|Any CPU
		{EF4ECBD7-206C-4C2E-B00C-635A087E701D}.Release|Any CPU.ActiveCfg = Release|Any CPU
		{EF4ECBD7-206C-4C2E-B00C-635A087E701D}.Release|Any CPU.Build.0 = Release|Any CPU
		{0A8A29EA-ACF3-4D6F-B0FD-1DD99669DB92}.Debug|Any CPU.ActiveCfg = Debug|Any CPU
		{0A8A29EA-ACF3-4D6F-B0FD-1DD99669DB92}.Debug|Any CPU.Build.0 = Debug|Any CPU
		{0A8A29EA-ACF3-4D6F-B0FD-1DD99669DB92}.Release|Any CPU.ActiveCfg = Release|Any CPU
		{0A8A29EA-ACF3-4D6F-B0FD-1DD99669DB92}.Release|Any CPU.Build.0 = Release|Any CPU
	EndGlobalSection
	GlobalSection(SolutionProperties) = preSolution
		HideSolutionNode = FALSE
	EndGlobalSection
	GlobalSection(ExtensibilityGlobals) = postSolution
		SolutionGuid = {C80CF8A3-2697-45EA-A671-EBC63B9C411E}
	EndGlobalSection
EndGlobal
